
Microsoft Visual Studio Solution File, Format Version 9.00
# Visual Studio 2005
Project("{8BC9CEB8-8B4A-11D0-8D11-00A0C91BC942}") = "CommonLibStaticVC8", "..\CommonLibStatic\CommonLibStaticVC8.vcproj", "{C3AF2807-88FF-4EC8-97BE-3C94B95033E3}"
EndProject
Project("{8BC9CEB8-8B4A-11D0-8D11-00A0C91BC942}") = "ViewSynLibStaticVC8", "..\ViewSynLibStatic\ViewSynLibStaticVC8.vcproj", "{A4D96C6C-1401-4C2C-8984-A3FA7ABA79FC}"
	ProjectSection(ProjectDependencies) = postProject
		{C3AF2807-88FF-4EC8-97BE-3C94B95033E3} = {C3AF2807-88FF-4EC8-97BE-3C94B95033E3}
	EndProjectSection
EndProject
Project("{8BC9CEB8-8B4A-11D0-8D11-00A0C91BC942}") = "ViewSynVC8", "..\ViewSyn\ViewSynVC8.vcproj", "{694A183C-EE9A-4984-8E68-0B5F23F6361C}"
	ProjectSection(ProjectDependencies) = postProject
		{C3AF2807-88FF-4EC8-97BE-3C94B95033E3} = {C3AF2807-88FF-4EC8-97BE-3C94B95033E3}
		{A4D96C6C-1401-4C2C-8984-A3FA7ABA79FC} = {A4D96C6C-1401-4C2C-8984-A3FA7ABA79FC}
	EndProjectSection
EndProject
Global
	GlobalSection(SolutionConfigurationPlatforms) = preSolution
		Debug|Win32 = Debug|Win32
		Release|Win32 = Release|Win32
	EndGlobalSection
	GlobalSection(ProjectConfigurationPlatforms) = postSolution
		{C3AF2807-88FF-4EC8-97BE-3C94B95033E3}.Debug|Win32.ActiveCfg = Debug|Win32
		{C3AF2807-88FF-4EC8-97BE-3C94B95033E3}.Debug|Win32.Build.0 = Debug|Win32
		{C3AF2807-88FF-4EC8-97BE-3C94B95033E3}.Release|Win32.ActiveCfg = Release|Win32
		{C3AF2807-88FF-4EC8-97BE-3C94B95033E3}.Release|Win32.Build.0 = Release|Win32
		{A4D96C6C-1401-4C2C-8984-A3FA7ABA79FC}.Debug|Win32.ActiveCfg = Debug|Win32
		{A4D96C6C-1401-4C2C-8984-A3FA7ABA79FC}.Debug|Win32.Build.0 = Debug|Win32
		{A4D96C6C-1401-4C2C-8984-A3FA7ABA79FC}.Release|Win32.ActiveCfg = Release|Win32
		{A4D96C6C-1401-4C2C-8984-A3FA7ABA79FC}.Release|Win32.Build.0 = Release|Win32
		{694A183C-EE9A-4984-8E68-0B5F23F6361C}.Debug|Win32.ActiveCfg = Debug|Win32
		{694A183C-EE9A-4984-8E68-0B5F23F6361C}.Debug|Win32.Build.0 = Debug|Win32
		{694A183C-EE9A-4984-8E68-0B5F23F6361C}.Release|Win32.ActiveCfg = Release|Win32
		{694A183C-EE9A-4984-8E68-0B5F23F6361C}.Release|Win32.Build.0 = Release|Win32
	EndGlobalSection
	GlobalSection(SolutionProperties) = preSolution
		HideSolutionNode = FALSE
	EndGlobalSection
EndGlobal
